// !$*UTF8*$!
{
	archiveVersion = 1;
	classes = {
	};
	objectVersion = 46;
	objects = {

/* Begin PBXBuildFile section */
		FC1A53141CD15E19003224A9 /* AppDelegate.swift in Sources */ = {isa = PBXBuildFile; fileRef = FC1A53131CD15E19003224A9 /* AppDelegate.swift */; };
		FC1A53161CD15E19003224A9 /* ViewController.swift in Sources */ = {isa = PBXBuildFile; fileRef = FC1A53151CD15E19003224A9 /* ViewController.swift */; };
		FC1A53191CD15E19003224A9 /* Main.storyboard in Resources */ = {isa = PBXBuildFile; fileRef = FC1A53171CD15E19003224A9 /* Main.storyboard */; };
		FC1A531B1CD15E19003224A9 /* Assets.xcassets in Resources */ = {isa = PBXBuildFile; fileRef = FC1A531A1CD15E19003224A9 /* Assets.xcassets */; };
		FC1A531E1CD15E19003224A9 /* LaunchScreen.storyboard in Resources */ = {isa = PBXBuildFile; fileRef = FC1A531C1CD15E19003224A9 /* LaunchScreen.storyboard */; };
		FC1A53261CD1659D003224A9 /* MapKit.framework in Frameworks */ = {isa = PBXBuildFile; fileRef = FC1A53251CD1659D003224A9 /* MapKit.framework */; };
/* End PBXBuildFile section */

/* Begin PBXFileReference section */
		FC1A53101CD15E19003224A9 /* Meetup-MapKit.app */ = {isa = PBXFileReference; explicitFileType = wrapper.application; includeInIndex = 0; path = "Meetup-MapKit.app"; sourceTree = BUILT_PRODUCTS_DIR; };
		FC1A53131CD15E19003224A9 /* AppDelegate.swift */ = {isa = PBXFileReference; lastKnownFileType = sourcecode.swift; path = AppDelegate.swift; sourceTree = "<group>"; };
		FC1A53151CD15E19003224A9 /* ViewController.swift */ = {isa = PBXFileReference; lastKnownFileType = sourcecode.swift; path = ViewController.swift; sourceTree = "<group>"; };
		FC1A53181CD15E19003224A9 /* Base */ = {isa = PBXFileReference; lastKnownFileType = file.storyboard; name = Base; path = Base.lproj/Main.storyboard; sourceTree = "<group>"; };
		FC1A531A1CD15E19003224A9 /* Assets.xcassets */ = {isa = PBXFileReference; lastKnownFileType = folder.assetcatalog; path = Assets.xcassets; sourceTree = "<group>"; };
		FC1A531D1CD15E19003224A9 /* Base */ = {isa = PBXFileReference; lastKnownFileType = file.storyboard; name = Base; path = Base.lproj/LaunchScreen.storyboard; sourceTree = "<group>"; };
		FC1A531F1CD15E19003224A9 /* Info.plist */ = {isa = PBXFileReference; lastKnownFileType = text.plist.xml; path = Info.plist; sourceTree = "<group>"; };
		FC1A53251CD1659D003224A9 /* MapKit.framework */ = {isa = PBXFileReference; lastKnownFileType = wrapper.framework; name = MapKit.framework; path = System/Library/Frameworks/MapKit.framework; sourceTree = SDKROOT; };
/* End PBXFileReference section */

/* Begin PBXFrameworksBuildPhase section */
		FC1A530D1CD15E19003224A9 /* Frameworks */ = {
			isa = PBXFrameworksBuildPhase;
			buildActionMask = 2147483647;
			files = (
				FC1A53261CD1659D003224A9 /* MapKit.framework in Frameworks */,
			);
			runOnlyForDeploymentPostprocessing = 0;
		};
/* End PBXFrameworksBuildPhase section */

/* Begin PBXGroup section */
		FC1A53071CD15E19003224A9 = {
			isa = PBXGroup;
			children = (
				FC1A53251CD1659D003224A9 /* MapKit.framework */,
				FC1A53121CD15E19003224A9 /* Meetup-MapKit */,
				FC1A53111CD15E19003224A9 /* Products */,
			);
			sourceTree = "<group>";
		};
		FC1A53111CD15E19003224A9 /* Products */ = {
			isa = PBXGroup;
			children = (
				FC1A53101CD15E19003224A9 /* Meetup-MapKit.app */,
			);
			name = Products;
			sourceTree = "<group>";
		};
		FC1A53121CD15E19003224A9 /* Meetup-MapKit */ = {
			isa = PBXGroup;
			children = (
				FC1A53131CD15E19003224A9 /* AppDelegate.swift */,
				FC1A53151CD15E19003224A9 /* ViewController.swift */,
				FC1A53171CD15E19003224A9 /* Main.storyboard */,
				FC1A531A1CD15E19003224A9 /* Assets.xcassets */,
				FC1A531C1CD15E19003224A9 /* LaunchScreen.storyboard */,
				FC1A531F1CD15E19003224A9 /* Info.plist */,
			);
			path = "Meetup-MapKit";
			sourceTree = "<group>";
		};
/* End PBXGroup section */

/* Begin PBXNativeTarget section */
		FC1A530F1CD15E19003224A9 /* Meetup-MapKit */ = {
			isa = PBXNativeTarget;
			buildConfigurationList = FC1A53221CD15E19003224A9 /* Build configuration list for PBXNativeTarget "Meetup-MapKit" */;
			buildPhases = (
				FC1A530C1CD15E19003224A9 /* Sources */,
				FC1A530D1CD15E19003224A9 /* Frameworks */,
				FC1A530E1CD15E19003224A9 /* Resources */,
			);
			buildRules = (
			);
			dependencies = (
			);
			name = "Meetup-MapKit";
			productName = "Meetup-MapKit";
			productReference = FC1A53101CD15E19003224A9 /* Meetup-MapKit.app */;
			productType = "com.apple.product-type.application";
		};
/* End PBXNativeTarget section */

/* Begin PBXProject section */
		FC1A53081CD15E19003224A9 /* Project object */ = {
			isa = PBXProject;
			attributes = {
				LastSwiftUpdateCheck = 0730;
				LastUpgradeCheck = 0730;
				ORGANIZATIONNAME = "Robert Chen";
				TargetAttributes = {
					FC1A530F1CD15E19003224A9 = {
						CreatedOnToolsVersion = 7.3;
						SystemCapabilities = {
							com.apple.Maps.iOS = {
								enabled = 1;
							};
						};
					};
				};
			};
			buildConfigurationList = FC1A530B1CD15E19003224A9 /* Build configuration list for PBXProject "Meetup-MapKit" */;
			compatibilityVersion = "Xcode 3.2";
			developmentRegion = English;
			hasScannedForEncodings = 0;
			knownRegions = (
				en,
				Base,
			);
			mainGroup = FC1A53071CD15E19003224A9;
			productRefGroup = FC1A53111CD15E19003224A9 /* Products */;
			projectDirPath = "";
			projectRoot = "";
			targets = (
				FC1A530F1CD15E19003224A9 /* Meetup-MapKit */,
			);
		};
/* End PBXProject section */

/* Begin PBXResourcesBuildPhase section */
		FC1A530E1CD15E19003224A9 /* Resources */ = {
			isa = PBXResourcesBuildPhase;
			buildActionMask = 2147483647;
			files = (
				FC1A531E1CD15E19003224A9 /* LaunchScreen.storyboard in Resources */,
				FC1A531B1CD15E19003224A9 /* Assets.xcassets in Resources */,
				FC1A53191CD15E19003224A9 /* Main.storyboard in Resources */,
			);
			runOnlyForDeploymentPostprocessing = 0;
		};
/* End PBXResourcesBuildPhase section */

/* Begin PBXSourcesBuildPhase section */
		FC1A530C1CD15E19003224A9 /* Sources */ = {
			isa = PBXSourcesBuildPhase;
			buildActionMask = 2147483647;
			files = (
				FC1A53161CD15E19003224A9 /* ViewController.swift in Sources */,
				FC1A53141CD15E19003224A9 /* AppDelegate.swift in Sources */,
			);
			runOnlyForDeploymentPostprocessing = 0;
		};
/* End PBXSourcesBuildPhase section */

/* Begin PBXVariantGroup section */
		FC1A53171CD15E19003224A9 /* Main.storyboard */ = {
			isa = PBXVariantGroup;
			children = (
				FC1A53181CD15E19003224A9 /* Base */,
			);
			name = Main.storyboard;
			sourceTree = "<group>";
		};
		FC1A531C1CD15E19003224A9 /* LaunchScreen.storyboard */ = {
			isa = PBXVariantGroup;
			children = (
				FC1A531D1CD15E19003224A9 /* Base */,
			);
			name = LaunchScreen.storyboard;
			sourceTree = "<group>";
		};
/* End PBXVariantGroup section */

/* Begin XCBuildConfiguration section */
		FC1A53201CD15E19003224A9 /* Debug */ = {
			isa = XCBuildConfiguration;
			buildSettings = {
				ALWAYS_SEARCH_USER_PATHS = NO;
				CLANG_ANALYZER_NONNULL = YES;
				CLANG_CXX_LANGUAGE_STANDARD = "gnu++0x";
				CLANG_CXX_LIBRARY = "libc++";
				CLANG_ENABLE_MODULES = YES;
				CLANG_ENABLE_OBJC_ARC = YES;
				CLANG_WARN_BOOL_CONVERSION = YES;
				CLANG_WARN_CONSTANT_CONVERSION = YES;
				CLANG_WARN_DIRECT_OBJC_ISA_USAGE = YES_ERROR;
				CLANG_WARN_EMPTY_BODY = YES;
				CLANG_WARN_ENUM_CONVERSION = YES;
				CLANG_WARN_INT_CONVERSION = YES;
				CLANG_WARN_OBJC_ROOT_CLASS = YES_ERROR;
				CLANG_WARN_UNREACHABLE_CODE = YES;
				CLANG_WARN__DUPLICATE_METHOD_MATCH = YES;
				"CODE_SIGN_IDENTITY[sdk=iphoneos*]" = "iPhone Developer";
				COPY_PHASE_STRIP = NO;
				DEBUG_INFORMATION_FORMAT = dwarf;
				ENABLE_STRICT_OBJC_MSGSEND = YES;
				ENABLE_TESTABILITY = YES;
				GCC_C_LANGUAGE_STANDARD = gnu99;
				GCC_DYNAMIC_NO_PIC = NO;
				GCC_NO_COMMON_BLOCKS = YES;
				GCC_OPTIMIZATION_LEVEL = 0;
				GCC_PREPROCESSOR_DEFINITIONS = (
					"DEBUG=1",
					"$(inherited)",
				);
				GCC_WARN_64_TO_32_BIT_CONVERSION = YES;
				GCC_WARN_ABOUT_RETURN_TYPE = YES_ERROR;
				GCC_WARN_UNDECLARED_SELECTOR = YES;
				GCC_WARN_UNINITIALIZED_AUTOS = YES_AGGRESSIVE;
				GCC_WARN_UNUSED_FUNCTION = YES;
				GCC_WARN_UNUSED_VARIABLE = YES;
				IPHONEOS_DEPLOYMENT_TARGET = 9.3;
				MTL_ENABLE_DEBUG_INFO = YES;
				ONLY_ACTIVE_ARCH = YES;
				SDKROOT = iphoneos;
				SWIFT_OPTIMIZATION_LEVEL = "-Onone";
				TARGETED_DEVICE_FAMILY = "1,2";
			};
			name = Debug;
		};
		FC1A53211CD15E19003224A9 /* Release */ = {
			isa = XCBuildConfiguration;
			buildSettings = {
				ALWAYS_SEARCH_USER_PATHS = NO;
				CLANG_ANALYZER_NONNULL = YES;
				CLANG_CXX_LANGUAGE_STANDARD = "gnu++0x";
				CLANG_CXX_LIBRARY = "libc++";
				CLANG_ENABLE_MODULES = YES;
				CLANG_ENABLE_OBJC_ARC = YES;
				CLANG_WARN_BOOL_CONVERSION = YES;
				CLANG_WARN_CONSTANT_CONVERSION = YES;
				CLANG_WARN_DIRECT_OBJC_ISA_USAGE = YES_ERROR;
				CLANG_WARN_EMPTY_BODY = YES;
				CLANG_WARN_ENUM_CONVERSION = YES;
				CLANG_WARN_INT_CONVERSION = YES;
				CLANG_WARN_OBJC_ROOT_CLASS = YES_ERROR;
				CLANG_WARN_UNREACHABLE_CODE = YES;
				CLANG_WARN__DUPLICATE_METHOD_MATCH = YES;
				"CODE_SIGN_IDENTITY[sdk=iphoneos*]" = "iPhone Developer";
				COPY_PHASE_STRIP = NO;
				DEBUG_INFORMATION_FORMAT = "dwarf-with-dsym";
				ENABLE_NS_ASSERTIONS = NO;
				ENABLE_STRICT_OBJC_MSGSEND = YES;
				GCC_C_LANGUAGE_STANDARD = gnu99;
				GCC_NO_COMMON_BLOCKS = YES;
				GCC_WARN_64_TO_32_BIT_CONVERSION = YES;
				GCC_WARN_ABOUT_RETURN_TYPE = YES_ERROR;
				GCC_WARN_UNDECLARED_SELECTOR = YES;
				GCC_WARN_UNINITIALIZED_AUTOS = YES_AGGRESSIVE;
				GCC_WARN_UNUSED_FUNCTION = YES;
				GCC_WARN_UNUSED_VARIABLE = YES;
				IPHONEOS_DEPLOYMENT_TARGET = 9.3;
				MTL_ENABLE_DEBUG_INFO = NO;
				SDKROOT = iphoneos;
				TARGETED_DEVICE_FAMILY = "1,2";
				VALIDATE_PRODUCT = YES;
			};
			name = Release;
		};
		FC1A53231CD15E19003224A9 /* Debug */ = {
			isa = XCBuildConfiguration;
			buildSettings = {
				ASSETCATALOG_COMPILER_APPICON_NAME = AppIcon;
				INFOPLIST_FILE = "Meetup-MapKit/Info.plist";
				LD_RUNPATH_SEARCH_PATHS = "$(inherited) @executable_path/Frameworks";
				PRODUCT_BUNDLE_IDENTIFIER = "com.thorntech.Meetup-MapKit";
				PRODUCT_NAME = "$(TARGET_NAME)";
			};
			name = Debug;
		};
		FC1A53241CD15E19003224A9 /* Release */ = {
			isa = XCBuildConfiguration;
			buildSettings = {
				ASSETCATALOG_COMPILER_APPICON_NAME = AppIcon;
				INFOPLIST_FILE = "Meetup-MapKit/Info.plist";
				LD_RUNPATH_SEARCH_PATHS = "$(inherited) @executable_path/Frameworks";
				PRODUCT_BUNDLE_IDENTIFIER = "com.thorntech.Meetup-MapKit";
				PRODUCT_NAME = "$(TARGET_NAME)";
			};
			name = Release;
		};
/* End XCBuildConfiguration section */

/* Begin XCConfigurationList section */
		FC1A530B1CD15E19003224A9 /* Build configuration list for PBXProject "Meetup-MapKit" */ = {
			isa = XCConfigurationList;
			buildConfigurations = (
				FC1A53201CD15E19003224A9 /* Debug */,
				FC1A53211CD15E19003224A9 /* Release */,
			);
			defaultConfigurationIsVisible = 0;
			defaultConfigurationName = Release;
		};
		FC1A53221CD15E19003224A9 /* Build configuration list for PBXNativeTarget "Meetup-MapKit" */ = {
			isa = XCConfigurationList;
			buildConfigurations = (
				FC1A53231CD15E19003224A9 /* Debug */,
				FC1A53241CD15E19003224A9 /* Release */,
			);
			defaultConfigurationIsVisible = 0;
		};
/* End XCConfigurationList section */
	};
	rootObject = FC1A53081CD15E19003224A9 /* Project object */;
}
